
Microsoft Visual Studio Solution File, Format Version 12.00
# Visual Studio 2017
Project("{FAE04EC0-301F-11D3-BF4B-00C04F79EFBC}") = "ThrowTheBalls", "ThrowTheBalls.csproj", "{F2BD201E-37DA-C1CD-740A-DBBBAD4C9D8B}"
EndProject
Project("{FAE04EC0-301F-11D3-BF4B-00C04F79EFBC}") = "ThrowTheBalls.Editor", "ThrowTheBalls.Editor.csproj", "{51D67A24-9873-1F59-68F1-A8BF6D641213}"
EndProject
Global
	GlobalSection(SolutionConfigurationPlatforms) = preSolution
		Debug|Any CPU = Debug|Any CPU
		Release|Any CPU = Release|Any CPU
	EndGlobalSection
	GlobalSection(ProjectConfigurationPlatforms) = postSolution
		{F2BD201E-37DA-C1CD-740A-DBBBAD4C9D8B}.Debug|Any CPU.ActiveCfg = Debug|Any CPU
		{F2BD201E-37DA-C1CD-740A-DBBBAD4C9D8B}.Debug|Any CPU.Build.0 = Debug|Any CPU
		{F2BD201E-37DA-C1CD-740A-DBBBAD4C9D8B}.Release|Any CPU.ActiveCfg = Release|Any CPU
		{F2BD201E-37DA-C1CD-740A-DBBBAD4C9D8B}.Release|Any CPU.Build.0 = Release|Any CPU
		{51D67A24-9873-1F59-68F1-A8BF6D641213}.Debug|Any CPU.ActiveCfg = Debug|Any CPU
		{51D67A24-9873-1F59-68F1-A8BF6D641213}.Debug|Any CPU.Build.0 = Debug|Any CPU
		{51D67A24-9873-1F59-68F1-A8BF6D641213}.Release|Any CPU.ActiveCfg = Release|Any CPU
		{51D67A24-9873-1F59-68F1-A8BF6D641213}.Release|Any CPU.Build.0 = Release|Any CPU
	EndGlobalSection
	GlobalSection(SolutionProperties) = preSolution
		HideSolutionNode = FALSE
	EndGlobalSection
EndGlobal
